
Microsoft Visual Studio Solution File, Format Version 12.00
# Visual Studio 14
VisualStudioVersion = 14.0.25123.0
MinimumVisualStudioVersion = 10.0.40219.1
Project("{FAE04EC0-301F-11D3-BF4B-00C04F79EFBC}") = "MvcWebSite", "MvcWebSite\MvcWebSite.csproj", "{6A16D23D-1E83-431E-9686-A1176877AA05}"
EndProject
Project("{FAE04EC0-301F-11D3-BF4B-00C04F79EFBC}") = "MvcWebSite.Tests", "MvcWebSite.Tests\MvcWebSite.Tests.csproj", "{C30AD1E8-B8FF-4113-9CAC-20B4B2A58D1A}"
EndProject
Global
	GlobalSection(SolutionConfigurationPlatforms) = preSolution
		Debug|Any CPU = Debug|Any CPU
		Release|Any CPU = Release|Any CPU
	EndGlobalSection
	GlobalSection(ProjectConfigurationPlatforms) = postSolution
		{6A16D23D-1E83-431E-9686-A1176877AA05}.Debug|Any CPU.ActiveCfg = Debug|Any CPU
		{6A16D23D-1E83-431E-9686-A1176877AA05}.Debug|Any CPU.Build.0 = Debug|Any CPU
		{6A16D23D-1E83-431E-9686-A1176877AA05}.Release|Any CPU.ActiveCfg = Release|Any CPU
		{6A16D23D-1E83-431E-9686-A1176877AA05}.Release|Any CPU.Build.0 = Release|Any CPU
		{C30AD1E8-B8FF-4113-9CAC-20B4B2A58D1A}.Debug|Any CPU.ActiveCfg = Debug|Any CPU
		{C30AD1E8-B8FF-4113-9CAC-20B4B2A58D1A}.Debug|Any CPU.Build.0 = Debug|Any CPU
		{C30AD1E8-B8FF-4113-9CAC-20B4B2A58D1A}.Release|Any CPU.ActiveCfg = Release|Any CPU
		{C30AD1E8-B8FF-4113-9CAC-20B4B2A58D1A}.Release|Any CPU.Build.0 = Release|Any CPU
	EndGlobalSection
	GlobalSection(SolutionProperties) = preSolution
		HideSolutionNode = FALSE
	EndGlobalSection
EndGlobal
